
Microsoft Visual Studio Solution File, Format Version 12.00
# Visual Studio Version 17
VisualStudioVersion = 17.0.31903.59
MinimumVisualStudioVersion = 10.0.40219.1
Project("{2150E333-8FDC-42A3-9474-1A3956D46DE8}") = "src", "src", "{827E0CD3-B72D-47B6-A68D-7590B98EB39B}"
EndProject
Project("{FAE04EC0-301F-11D3-BF4B-00C04F79EFBC}") = "DogWorld.Web", "src\DogWorld.Web\DogWorld.Web.csproj", "{8439EB2E-366A-41F4-8BBC-14FA05649205}"
EndProject
Project("{FAE04EC0-301F-11D3-BF4B-00C04F79EFBC}") = "DogWorld.Api", "src\DogWorld.Api\DogWorld.Api.csproj", "{91BC84AB-5727-4E16-A635-1EFC085D852B}"
EndProject
Project("{FAE04EC0-301F-11D3-BF4B-00C04F79EFBC}") = "DogWorld.Contracts", "src\DogWorld.Contracts\DogWorld.Contracts.csproj", "{BCB7B8FE-0922-4C45-8EE7-C51687FD6178}"
EndProject
Project("{2150E333-8FDC-42A3-9474-1A3956D46DE8}") = "tests", "tests", "{0AB3BF05-4346-4AA6-1389-037BE0695223}"
EndProject
Project("{FAE04EC0-301F-11D3-BF4B-00C04F79EFBC}") = "DogWorld.Api.Tests", "tests\DogWorld.Api.Tests\DogWorld.Api.Tests.csproj", "{6D944102-2E7C-4EEB-A02B-7FBC9123A25B}"
EndProject
Project("{FAE04EC0-301F-11D3-BF4B-00C04F79EFBC}") = "DogWorld.IntegrationTests", "tests\DogWorld.IntegrationTests\DogWorld.IntegrationTests.csproj", "{5049C72D-4454-4EC4-9829-8B7A7CC2D954}"
EndProject
Project("{FAE04EC0-301F-11D3-BF4B-00C04F79EFBC}") = "DogWorld.Web.Tests", "tests\DogWorld.Web.Tests\DogWorld.Web.Tests.csproj", "{E922D0C9-1988-4304-BBFF-723E13DB085C}"
EndProject
Global
	GlobalSection(SolutionConfigurationPlatforms) = preSolution
		Debug|Any CPU = Debug|Any CPU
		Debug|x64 = Debug|x64
		Debug|x86 = Debug|x86
		Release|Any CPU = Release|Any CPU
		Release|x64 = Release|x64
		Release|x86 = Release|x86
	EndGlobalSection
	GlobalSection(ProjectConfigurationPlatforms) = postSolution
		{8439EB2E-366A-41F4-8BBC-14FA05649205}.Debug|Any CPU.ActiveCfg = Debug|Any CPU
		{8439EB2E-366A-41F4-8BBC-14FA05649205}.Debug|Any CPU.Build.0 = Debug|Any CPU
		{8439EB2E-366A-41F4-8BBC-14FA05649205}.Debug|x64.ActiveCfg = Debug|Any CPU
		{8439EB2E-366A-41F4-8BBC-14FA05649205}.Debug|x64.Build.0 = Debug|Any CPU
		{8439EB2E-366A-41F4-8BBC-14FA05649205}.Debug|x86.ActiveCfg = Debug|Any CPU
		{8439EB2E-366A-41F4-8BBC-14FA05649205}.Debug|x86.Build.0 = Debug|Any CPU
		{8439EB2E-366A-41F4-8BBC-14FA05649205}.Release|Any CPU.ActiveCfg = Release|Any CPU
		{8439EB2E-366A-41F4-8BBC-14FA05649205}.Release|Any CPU.Build.0 = Release|Any CPU
		{8439EB2E-366A-41F4-8BBC-14FA05649205}.Release|x64.ActiveCfg = Release|Any CPU
		{8439EB2E-366A-41F4-8BBC-14FA05649205}.Release|x64.Build.0 = Release|Any CPU
		{8439EB2E-366A-41F4-8BBC-14FA05649205}.Release|x86.ActiveCfg = Release|Any CPU
		{8439EB2E-366A-41F4-8BBC-14FA05649205}.Release|x86.Build.0 = Release|Any CPU
		{91BC84AB-5727-4E16-A635-1EFC085D852B}.Debug|Any CPU.ActiveCfg = Debug|Any CPU
		{91BC84AB-5727-4E16-A635-1EFC085D852B}.Debug|Any CPU.Build.0 = Debug|Any CPU
		{91BC84AB-5727-4E16-A635-1EFC085D852B}.Debug|x64.ActiveCfg = Debug|Any CPU
		{91BC84AB-5727-4E16-A635-1EFC085D852B}.Debug|x64.Build.0 = Debug|Any CPU
		{91BC84AB-5727-4E16-A635-1EFC085D852B}.Debug|x86.ActiveCfg = Debug|Any CPU
		{91BC84AB-5727-4E16-A635-1EFC085D852B}.Debug|x86.Build.0 = Debug|Any CPU
		{91BC84AB-5727-4E16-A635-1EFC085D852B}.Release|Any CPU.ActiveCfg = Release|Any CPU
		{91BC84AB-5727-4E16-A635-1EFC085D852B}.Release|Any CPU.Build.0 = Release|Any CPU
		{91BC84AB-5727-4E16-A635-1EFC085D852B}.Release|x64.ActiveCfg = Release|Any CPU
		{91BC84AB-5727-4E16-A635-1EFC085D852B}.Release|x64.Build.0 = Release|Any CPU
		{91BC84AB-5727-4E16-A635-1EFC085D852B}.Release|x86.ActiveCfg = Release|Any CPU
		{91BC84AB-5727-4E16-A635-1EFC085D852B}.Release|x86.Build.0 = Release|Any CPU
		{BCB7B8FE-0922-4C45-8EE7-C51687FD6178}.Debug|Any CPU.ActiveCfg = Debug|Any CPU
		{BCB7B8FE-0922-4C45-8EE7-C51687FD6178}.Debug|Any CPU.Build.0 = Debug|Any CPU
		{BCB7B8FE-0922-4C45-8EE7-C51687FD6178}.Debug|x64.ActiveCfg = Debug|Any CPU
		{BCB7B8FE-0922-4C45-8EE7-C51687FD6178}.Debug|x64.Build.0 = Debug|Any CPU
		{BCB7B8FE-0922-4C45-8EE7-C51687FD6178}.Debug|x86.ActiveCfg = Debug|Any CPU
		{BCB7B8FE-0922-4C45-8EE7-C51687FD6178}.Debug|x86.Build.0 = Debug|Any CPU
		{BCB7B8FE-0922-4C45-8EE7-C51687FD6178}.Release|Any CPU.ActiveCfg = Release|Any CPU
		{BCB7B8FE-0922-4C45-8EE7-C51687FD6178}.Release|Any CPU.Build.0 = Release|Any CPU
		{BCB7B8FE-0922-4C45-8EE7-C51687FD6178}.Release|x64.ActiveCfg = Release|Any CPU
		{BCB7B8FE-0922-4C45-8EE7-C51687FD6178}.Release|x64.Build.0 = Release|Any CPU
		{BCB7B8FE-0922-4C45-8EE7-C51687FD6178}.Release|x86.ActiveCfg = Release|Any CPU
		{BCB7B8FE-0922-4C45-8EE7-C51687FD6178}.Release|x86.Build.0 = Release|Any CPU
		{6D944102-2E7C-4EEB-A02B-7FBC9123A25B}.Debug|Any CPU.ActiveCfg = Debug|Any CPU
		{6D944102-2E7C-4EEB-A02B-7FBC9123A25B}.Debug|Any CPU.Build.0 = Debug|Any CPU
		{6D944102-2E7C-4EEB-A02B-7FBC9123A25B}.Debug|x64.ActiveCfg = Debug|Any CPU
		{6D944102-2E7C-4EEB-A02B-7FBC9123A25B}.Debug|x64.Build.0 = Debug|Any CPU
		{6D944102-2E7C-4EEB-A02B-7FBC9123A25B}.Debug|x86.ActiveCfg = Debug|Any CPU
		{6D944102-2E7C-4EEB-A02B-7FBC9123A25B}.Debug|x86.Build.0 = Debug|Any CPU
		{6D944102-2E7C-4EEB-A02B-7FBC9123A25B}.Release|Any CPU.ActiveCfg = Release|Any CPU
		{6D944102-2E7C-4EEB-A02B-7FBC9123A25B}.Release|Any CPU.Build.0 = Release|Any CPU
		{6D944102-2E7C-4EEB-A02B-7FBC9123A25B}.Release|x64.ActiveCfg = Release|Any CPU
		{6D944102-2E7C-4EEB-A02B-7FBC9123A25B}.Release|x64.Build.0 = Release|Any CPU
		{6D944102-2E7C-4EEB-A02B-7FBC9123A25B}.Release|x86.ActiveCfg = Release|Any CPU
		{6D944102-2E7C-4EEB-A02B-7FBC9123A25B}.Release|x86.Build.0 = Release|Any CPU
		{5049C72D-4454-4EC4-9829-8B7A7CC2D954}.Debug|Any CPU.ActiveCfg = Debug|Any CPU
		{5049C72D-4454-4EC4-9829-8B7A7CC2D954}.Debug|Any CPU.Build.0 = Debug|Any CPU
		{5049C72D-4454-4EC4-9829-8B7A7CC2D954}.Debug|x64.ActiveCfg = Debug|Any CPU
		{5049C72D-4454-4EC4-9829-8B7A7CC2D954}.Debug|x64.Build.0 = Debug|Any CPU
		{5049C72D-4454-4EC4-9829-8B7A7CC2D954}.Debug|x86.ActiveCfg = Debug|Any CPU
		{5049C72D-4454-4EC4-9829-8B7A7CC2D954}.Debug|x86.Build.0 = Debug|Any CPU
		{5049C72D-4454-4EC4-9829-8B7A7CC2D954}.Release|Any CPU.ActiveCfg = Release|Any CPU
		{5049C72D-4454-4EC4-9829-8B7A7CC2D954}.Release|Any CPU.Build.0 = Release|Any CPU
		{5049C72D-4454-4EC4-9829-8B7A7CC2D954}.Release|x64.ActiveCfg = Release|Any CPU
		{5049C72D-4454-4EC4-9829-8B7A7CC2D954}.Release|x64.Build.0 = Release|Any CPU
		{5049C72D-4454-4EC4-9829-8B7A7CC2D954}.Release|x86.ActiveCfg = Release|Any CPU
		{5049C72D-4454-4EC4-9829-8B7A7CC2D954}.Release|x86.Build.0 = Release|Any CPU
		{E922D0C9-1988-4304-BBFF-723E13DB085C}.Debug|Any CPU.ActiveCfg = Debug|Any CPU
		{E922D0C9-1988-4304-BBFF-723E13DB085C}.Debug|Any CPU.Build.0 = Debug|Any CPU
		{E922D0C9-1988-4304-BBFF-723E13DB085C}.Debug|x64.ActiveCfg = Debug|Any CPU
		{E922D0C9-1988-4304-BBFF-723E13DB085C}.Debug|x64.Build.0 = Debug|Any CPU
		{E922D0C9-1988-4304-BBFF-723E13DB085C}.Debug|x86.ActiveCfg = Debug|Any CPU
		{E922D0C9-1988-4304-BBFF-723E13DB085C}.Debug|x86.Build.0 = Debug|Any CPU
		{E922D0C9-1988-4304-BBFF-723E13DB085C}.Release|Any CPU.ActiveCfg = Release|Any CPU
		{E922D0C9-1988-4304-BBFF-723E13DB085C}.Release|Any CPU.Build.0 = Release|Any CPU
		{E922D0C9-1988-4304-BBFF-723E13DB085C}.Release|x64.ActiveCfg = Release|Any CPU
		{E922D0C9-1988-4304-BBFF-723E13DB085C}.Release|x64.Build.0 = Release|Any CPU
		{E922D0C9-1988-4304-BBFF-723E13DB085C}.Release|x86.ActiveCfg = Release|Any CPU
		{E922D0C9-1988-4304-BBFF-723E13DB085C}.Release|x86.Build.0 = Release|Any CPU
	EndGlobalSection
	GlobalSection(SolutionProperties) = preSolution
		HideSolutionNode = FALSE
	EndGlobalSection
	GlobalSection(NestedProjects) = preSolution
		{8439EB2E-366A-41F4-8BBC-14FA05649205} = {827E0CD3-B72D-47B6-A68D-7590B98EB39B}
		{91BC84AB-5727-4E16-A635-1EFC085D852B} = {827E0CD3-B72D-47B6-A68D-7590B98EB39B}
		{BCB7B8FE-0922-4C45-8EE7-C51687FD6178} = {827E0CD3-B72D-47B6-A68D-7590B98EB39B}
		{6D944102-2E7C-4EEB-A02B-7FBC9123A25B} = {0AB3BF05-4346-4AA6-1389-037BE0695223}
		{5049C72D-4454-4EC4-9829-8B7A7CC2D954} = {0AB3BF05-4346-4AA6-1389-037BE0695223}
		{E922D0C9-1988-4304-BBFF-723E13DB085C} = {0AB3BF05-4346-4AA6-1389-037BE0695223}
	EndGlobalSection
EndGlobal
